// !$*UTF8*$!
{
	archiveVersion = 1;
	classes = {
	};
	objectVersion = 56;
	objects = {

/* Begin PBXBuildFile section */
		B545F1022A5696B00002DA8F /* Main.storyboard in Resources */ = {isa = PBXBuildFile; fileRef = B545F1012A5696B00002DA8F /* Main.storyboard */; };
		B545F1052A56971A0002DA8F /* Then in Frameworks */ = {isa = PBXBuildFile; productRef = B545F1042A56971A0002DA8F /* Then */; };
		B545F1082A57E0D20002DA8F /* HomeCell.swift in Sources */ = {isa = PBXBuildFile; fileRef = B545F1072A57E0D20002DA8F /* HomeCell.swift */; };
		B545F10C2A5BDB8A0002DA8F /* CoreDataManager.swift in Sources */ = {isa = PBXBuildFile; fileRef = B545F10B2A5BDB8A0002DA8F /* CoreDataManager.swift */; };
		B545F10F2A5BF3F90002DA8F /* FSCalendar in Frameworks */ = {isa = PBXBuildFile; productRef = B545F10E2A5BF3F90002DA8F /* FSCalendar */; };
		B545F1122A5BF4880002DA8F /* User.swift in Sources */ = {isa = PBXBuildFile; fileRef = B545F1112A5BF4880002DA8F /* User.swift */; };
		B545F1142A5BF4DA0002DA8F /* Goal.swift in Sources */ = {isa = PBXBuildFile; fileRef = B545F1132A5BF4DA0002DA8F /* Goal.swift */; };
		B545F1172A5E7B2F0002DA8F /* CalendarView.swift in Sources */ = {isa = PBXBuildFile; fileRef = B545F1162A5E7B2F0002DA8F /* CalendarView.swift */; };
		B54635502A19A25200F0F140 /* WidgetKit.framework in Frameworks */ = {isa = PBXBuildFile; fileRef = B546354F2A19A25200F0F140 /* WidgetKit.framework */; };
		B54635522A19A25200F0F140 /* SwiftUI.framework in Frameworks */ = {isa = PBXBuildFile; fileRef = B54635512A19A25200F0F140 /* SwiftUI.framework */; };
		B54635552A19A25200F0F140 /* DreamCatcherBundle.swift in Sources */ = {isa = PBXBuildFile; fileRef = B54635542A19A25200F0F140 /* DreamCatcherBundle.swift */; };
		B54635572A19A25200F0F140 /* DreamCatcherLiveActivity.swift in Sources */ = {isa = PBXBuildFile; fileRef = B54635562A19A25200F0F140 /* DreamCatcherLiveActivity.swift */; };
		B54635592A19A25200F0F140 /* DreamCatcher.swift in Sources */ = {isa = PBXBuildFile; fileRef = B54635582A19A25200F0F140 /* DreamCatcher.swift */; };
		B546355B2A19A25300F0F140 /* Assets.xcassets in Resources */ = {isa = PBXBuildFile; fileRef = B546355A2A19A25300F0F140 /* Assets.xcassets */; };
		B546355F2A19A25300F0F140 /* DreamCatcherExtension.appex in Embed Foundation Extensions */ = {isa = PBXBuildFile; fileRef = B546354D2A19A25200F0F140 /* DreamCatcherExtension.appex */; settings = {ATTRIBUTES = (RemoveHeadersOnCopy, ); }; };
		B5EFC7FB2A1778E700B4AA8D /* AppDelegate.swift in Sources */ = {isa = PBXBuildFile; fileRef = B5EFC7FA2A1778E700B4AA8D /* AppDelegate.swift */; };
		B5EFC7FD2A1778E700B4AA8D /* SceneDelegate.swift in Sources */ = {isa = PBXBuildFile; fileRef = B5EFC7FC2A1778E700B4AA8D /* SceneDelegate.swift */; };
		B5EFC8052A1778E700B4AA8D /* Knocking.xcdatamodeld in Sources */ = {isa = PBXBuildFile; fileRef = B5EFC8032A1778E700B4AA8D /* Knocking.xcdatamodeld */; };
		B5EFC8072A1778E800B4AA8D /* Assets.xcassets in Resources */ = {isa = PBXBuildFile; fileRef = B5EFC8062A1778E800B4AA8D /* Assets.xcassets */; };
		B5EFC80A2A1778E800B4AA8D /* LaunchScreen.storyboard in Resources */ = {isa = PBXBuildFile; fileRef = B5EFC8082A1778E800B4AA8D /* LaunchScreen.storyboard */; };
		B5EFC8152A1778E800B4AA8D /* KnockingTests.swift in Sources */ = {isa = PBXBuildFile; fileRef = B5EFC8142A1778E800B4AA8D /* KnockingTests.swift */; };
		B5EFC81F2A1778E800B4AA8D /* KnockingUITests.swift in Sources */ = {isa = PBXBuildFile; fileRef = B5EFC81E2A1778E800B4AA8D /* KnockingUITests.swift */; };
		B5EFC8212A1778E800B4AA8D /* KnockingUITestsLaunchTests.swift in Sources */ = {isa = PBXBuildFile; fileRef = B5EFC8202A1778E800B4AA8D /* KnockingUITestsLaunchTests.swift */; };
		B5EFC8312A177A6C00B4AA8D /* RxBlocking in Frameworks */ = {isa = PBXBuildFile; productRef = B5EFC8302A177A6C00B4AA8D /* RxBlocking */; };
		B5EFC8332A177A6C00B4AA8D /* RxCocoa in Frameworks */ = {isa = PBXBuildFile; productRef = B5EFC8322A177A6C00B4AA8D /* RxCocoa */; };
		B5EFC8352A177A6C00B4AA8D /* RxRelay in Frameworks */ = {isa = PBXBuildFile; productRef = B5EFC8342A177A6C00B4AA8D /* RxRelay */; };
		B5EFC8372A177A6C00B4AA8D /* RxSwift in Frameworks */ = {isa = PBXBuildFile; productRef = B5EFC8362A177A6C00B4AA8D /* RxSwift */; };
		B5EFC83A2A177AA100B4AA8D /* SnapKit in Frameworks */ = {isa = PBXBuildFile; productRef = B5EFC8392A177AA100B4AA8D /* SnapKit */; };
		B5EFC83D2A177AC300B4AA8D /* HomeViewController.swift in Sources */ = {isa = PBXBuildFile; fileRef = B5EFC83C2A177AC300B4AA8D /* HomeViewController.swift */; };
		B5EFC83F2A17C2B800B4AA8D /* HomeViewModel.swift in Sources */ = {isa = PBXBuildFile; fileRef = B5EFC83E2A17C2B800B4AA8D /* HomeViewModel.swift */; };
		B5EFC8412A17C2F500B4AA8D /* BaseViewController.swift in Sources */ = {isa = PBXBuildFile; fileRef = B5EFC8402A17C2F500B4AA8D /* BaseViewController.swift */; };
		B5EFC8442A17CA4800B4AA8D /* CalendarViewController.swift in Sources */ = {isa = PBXBuildFile; fileRef = B5EFC8432A17CA4800B4AA8D /* CalendarViewController.swift */; };
/* End PBXBuildFile section */

/* Begin PBXContainerItemProxy section */
		B546355D2A19A25300F0F140 /* PBXContainerItemProxy */ = {
			isa = PBXContainerItemProxy;
			containerPortal = B5EFC7EF2A1778E700B4AA8D /* Project object */;
			proxyType = 1;
			remoteGlobalIDString = B546354C2A19A25200F0F140;
			remoteInfo = DreamCatcherExtension;
		};
		B5EFC8112A1778E800B4AA8D /* PBXContainerItemProxy */ = {
			isa = PBXContainerItemProxy;
			containerPortal = B5EFC7EF2A1778E700B4AA8D /* Project object */;
			proxyType = 1;
			remoteGlobalIDString = B5EFC7F62A1778E700B4AA8D;
			remoteInfo = Knocking;
		};
		B5EFC81B2A1778E800B4AA8D /* PBXContainerItemProxy */ = {
			isa = PBXContainerItemProxy;
			containerPortal = B5EFC7EF2A1778E700B4AA8D /* Project object */;
			proxyType = 1;
			remoteGlobalIDString = B5EFC7F62A1778E700B4AA8D;
			remoteInfo = Knocking;
		};
/* End PBXContainerItemProxy section */

/* Begin PBXCopyFilesBuildPhase section */
		B54635602A19A25300F0F140 /* Embed Foundation Extensions */ = {
			isa = PBXCopyFilesBuildPhase;
			buildActionMask = 2147483647;
			dstPath = "";
			dstSubfolderSpec = 13;
			files = (
				B546355F2A19A25300F0F140 /* DreamCatcherExtension.appex in Embed Foundation Extensions */,
			);
			name = "Embed Foundation Extensions";
			runOnlyForDeploymentPostprocessing = 0;
		};
/* End PBXCopyFilesBuildPhase section */

/* Begin PBXFileReference section */
		B545F1012A5696B00002DA8F /* Main.storyboard */ = {isa = PBXFileReference; lastKnownFileType = file.storyboard; path = Main.storyboard; sourceTree = "<group>"; };
		B545F1072A57E0D20002DA8F /* HomeCell.swift */ = {isa = PBXFileReference; lastKnownFileType = sourcecode.swift; path = HomeCell.swift; sourceTree = "<group>"; };
		B545F10B2A5BDB8A0002DA8F /* CoreDataManager.swift */ = {isa = PBXFileReference; lastKnownFileType = sourcecode.swift; path = CoreDataManager.swift; sourceTree = "<group>"; };
		B545F1112A5BF4880002DA8F /* User.swift */ = {isa = PBXFileReference; lastKnownFileType = sourcecode.swift; path = User.swift; sourceTree = "<group>"; };
		B545F1132A5BF4DA0002DA8F /* Goal.swift */ = {isa = PBXFileReference; lastKnownFileType = sourcecode.swift; path = Goal.swift; sourceTree = "<group>"; };
		B545F1162A5E7B2F0002DA8F /* CalendarView.swift */ = {isa = PBXFileReference; lastKnownFileType = sourcecode.swift; path = CalendarView.swift; sourceTree = "<group>"; };
		B546354D2A19A25200F0F140 /* DreamCatcherExtension.appex */ = {isa = PBXFileReference; explicitFileType = "wrapper.app-extension"; includeInIndex = 0; path = DreamCatcherExtension.appex; sourceTree = BUILT_PRODUCTS_DIR; };
		B546354F2A19A25200F0F140 /* WidgetKit.framework */ = {isa = PBXFileReference; lastKnownFileType = wrapper.framework; name = WidgetKit.framework; path = System/Library/Frameworks/WidgetKit.framework; sourceTree = SDKROOT; };
		B54635512A19A25200F0F140 /* SwiftUI.framework */ = {isa = PBXFileReference; lastKnownFileType = wrapper.framework; name = SwiftUI.framework; path = System/Library/Frameworks/SwiftUI.framework; sourceTree = SDKROOT; };
		B54635542A19A25200F0F140 /* DreamCatcherBundle.swift */ = {isa = PBXFileReference; lastKnownFileType = sourcecode.swift; path = DreamCatcherBundle.swift; sourceTree = "<group>"; };
		B54635562A19A25200F0F140 /* DreamCatcherLiveActivity.swift */ = {isa = PBXFileReference; lastKnownFileType = sourcecode.swift; path = DreamCatcherLiveActivity.swift; sourceTree = "<group>"; };
		B54635582A19A25200F0F140 /* DreamCatcher.swift */ = {isa = PBXFileReference; lastKnownFileType = sourcecode.swift; path = DreamCatcher.swift; sourceTree = "<group>"; };
		B546355A2A19A25300F0F140 /* Assets.xcassets */ = {isa = PBXFileReference; lastKnownFileType = folder.assetcatalog; path = Assets.xcassets; sourceTree = "<group>"; };
		B546355C2A19A25300F0F140 /* Info.plist */ = {isa = PBXFileReference; lastKnownFileType = text.plist.xml; path = Info.plist; sourceTree = "<group>"; };
		B5EFC7F72A1778E700B4AA8D /* Knocking.app */ = {isa = PBXFileReference; explicitFileType = wrapper.application; includeInIndex = 0; path = Knocking.app; sourceTree = BUILT_PRODUCTS_DIR; };
		B5EFC7FA2A1778E700B4AA8D /* AppDelegate.swift */ = {isa = PBXFileReference; lastKnownFileType = sourcecode.swift; path = AppDelegate.swift; sourceTree = "<group>"; };
		B5EFC7FC2A1778E700B4AA8D /* SceneDelegate.swift */ = {isa = PBXFileReference; lastKnownFileType = sourcecode.swift; path = SceneDelegate.swift; sourceTree = "<group>"; };
		B5EFC8042A1778E700B4AA8D /* Knocking.xcdatamodel */ = {isa = PBXFileReference; lastKnownFileType = wrapper.xcdatamodel; path = Knocking.xcdatamodel; sourceTree = "<group>"; };
		B5EFC8062A1778E800B4AA8D /* Assets.xcassets */ = {isa = PBXFileReference; lastKnownFileType = folder.assetcatalog; path = Assets.xcassets; sourceTree = "<group>"; };
		B5EFC8092A1778E800B4AA8D /* Base */ = {isa = PBXFileReference; lastKnownFileType = file.storyboard; name = Base; path = Base.lproj/LaunchScreen.storyboard; sourceTree = "<group>"; };
		B5EFC80B2A1778E800B4AA8D /* Info.plist */ = {isa = PBXFileReference; lastKnownFileType = text.plist.xml; path = Info.plist; sourceTree = "<group>"; };
		B5EFC8102A1778E800B4AA8D /* KnockingTests.xctest */ = {isa = PBXFileReference; explicitFileType = wrapper.cfbundle; includeInIndex = 0; path = KnockingTests.xctest; sourceTree = BUILT_PRODUCTS_DIR; };
		B5EFC8142A1778E800B4AA8D /* KnockingTests.swift */ = {isa = PBXFileReference; lastKnownFileType = sourcecode.swift; path = KnockingTests.swift; sourceTree = "<group>"; };
		B5EFC81A2A1778E800B4AA8D /* KnockingUITests.xctest */ = {isa = PBXFileReference; explicitFileType = wrapper.cfbundle; includeInIndex = 0; path = KnockingUITests.xctest; sourceTree = BUILT_PRODUCTS_DIR; };
		B5EFC81E2A1778E800B4AA8D /* KnockingUITests.swift */ = {isa = PBXFileReference; lastKnownFileType = sourcecode.swift; path = KnockingUITests.swift; sourceTree = "<group>"; };
		B5EFC8202A1778E800B4AA8D /* KnockingUITestsLaunchTests.swift */ = {isa = PBXFileReference; lastKnownFileType = sourcecode.swift; path = KnockingUITestsLaunchTests.swift; sourceTree = "<group>"; };
		B5EFC83C2A177AC300B4AA8D /* HomeViewController.swift */ = {isa = PBXFileReference; lastKnownFileType = sourcecode.swift; path = HomeViewController.swift; sourceTree = "<group>"; };
		B5EFC83E2A17C2B800B4AA8D /* HomeViewModel.swift */ = {isa = PBXFileReference; lastKnownFileType = sourcecode.swift; path = HomeViewModel.swift; sourceTree = "<group>"; };
		B5EFC8402A17C2F500B4AA8D /* BaseViewController.swift */ = {isa = PBXFileReference; lastKnownFileType = sourcecode.swift; path = BaseViewController.swift; sourceTree = "<group>"; };
		B5EFC8432A17CA4800B4AA8D /* CalendarViewController.swift */ = {isa = PBXFileReference; lastKnownFileType = sourcecode.swift; path = CalendarViewController.swift; sourceTree = "<group>"; };
/* End PBXFileReference section */

/* Begin PBXFrameworksBuildPhase section */
		B546354A2A19A25200F0F140 /* Frameworks */ = {
			isa = PBXFrameworksBuildPhase;
			buildActionMask = 2147483647;
			files = (
				B54635522A19A25200F0F140 /* SwiftUI.framework in Frameworks */,
				B54635502A19A25200F0F140 /* WidgetKit.framework in Frameworks */,
			);
			runOnlyForDeploymentPostprocessing = 0;
		};
		B5EFC7F42A1778E700B4AA8D /* Frameworks */ = {
			isa = PBXFrameworksBuildPhase;
			buildActionMask = 2147483647;
			files = (
				B5EFC8352A177A6C00B4AA8D /* RxRelay in Frameworks */,
				B545F1052A56971A0002DA8F /* Then in Frameworks */,
				B5EFC8332A177A6C00B4AA8D /* RxCocoa in Frameworks */,
				B5EFC8372A177A6C00B4AA8D /* RxSwift in Frameworks */,
				B5EFC8312A177A6C00B4AA8D /* RxBlocking in Frameworks */,
				B545F10F2A5BF3F90002DA8F /* FSCalendar in Frameworks */,
				B5EFC83A2A177AA100B4AA8D /* SnapKit in Frameworks */,
			);
			runOnlyForDeploymentPostprocessing = 0;
		};
		B5EFC80D2A1778E800B4AA8D /* Frameworks */ = {
			isa = PBXFrameworksBuildPhase;
			buildActionMask = 2147483647;
			files = (
			);
			runOnlyForDeploymentPostprocessing = 0;
		};
		B5EFC8172A1778E800B4AA8D /* Frameworks */ = {
			isa = PBXFrameworksBuildPhase;
			buildActionMask = 2147483647;
			files = (
			);
			runOnlyForDeploymentPostprocessing = 0;
		};
/* End PBXFrameworksBuildPhase section */

/* Begin PBXGroup section */
		B545F1062A57E0C70002DA8F /* Cells */ = {
			isa = PBXGroup;
			children = (
				B545F1072A57E0D20002DA8F /* HomeCell.swift */,
			);
			path = Cells;
			sourceTree = "<group>";
		};
		B545F1092A5BDB6F0002DA8F /* Manager */ = {
			isa = PBXGroup;
			children = (
				B545F10A2A5BDB790002DA8F /* CoreData */,
			);
			path = Manager;
			sourceTree = "<group>";
		};
		B545F10A2A5BDB790002DA8F /* CoreData */ = {
			isa = PBXGroup;
			children = (
				B545F10B2A5BDB8A0002DA8F /* CoreDataManager.swift */,
			);
			path = CoreData;
			sourceTree = "<group>";
		};
		B545F1102A5BF47E0002DA8F /* Model */ = {
			isa = PBXGroup;
			children = (
				B545F1112A5BF4880002DA8F /* User.swift */,
				B545F1132A5BF4DA0002DA8F /* Goal.swift */,
			);
			path = Model;
			sourceTree = "<group>";
		};
		B545F1152A5E7B170002DA8F /* Components */ = {
			isa = PBXGroup;
			children = (
				B545F1162A5E7B2F0002DA8F /* CalendarView.swift */,
			);
			path = Components;
			sourceTree = "<group>";
		};
		B546354E2A19A25200F0F140 /* Frameworks */ = {
			isa = PBXGroup;
			children = (
				B546354F2A19A25200F0F140 /* WidgetKit.framework */,
				B54635512A19A25200F0F140 /* SwiftUI.framework */,
			);
			name = Frameworks;
			sourceTree = "<group>";
		};
		B54635532A19A25200F0F140 /* DreamCatcher */ = {
			isa = PBXGroup;
			children = (
				B54635542A19A25200F0F140 /* DreamCatcherBundle.swift */,
				B54635562A19A25200F0F140 /* DreamCatcherLiveActivity.swift */,
				B54635582A19A25200F0F140 /* DreamCatcher.swift */,
				B546355A2A19A25300F0F140 /* Assets.xcassets */,
				B546355C2A19A25300F0F140 /* Info.plist */,
			);
			path = DreamCatcher;
			sourceTree = "<group>";
		};
		B5EFC7EE2A1778E700B4AA8D = {
			isa = PBXGroup;
			children = (
				B5EFC7F92A1778E700B4AA8D /* Knocking */,
				B5EFC8132A1778E800B4AA8D /* KnockingTests */,
				B5EFC81D2A1778E800B4AA8D /* KnockingUITests */,
				B54635532A19A25200F0F140 /* DreamCatcher */,
				B546354E2A19A25200F0F140 /* Frameworks */,
				B5EFC7F82A1778E700B4AA8D /* Products */,
			);
			sourceTree = "<group>";
		};
		B5EFC7F82A1778E700B4AA8D /* Products */ = {
			isa = PBXGroup;
			children = (
				B5EFC7F72A1778E700B4AA8D /* Knocking.app */,
				B5EFC8102A1778E800B4AA8D /* KnockingTests.xctest */,
				B5EFC81A2A1778E800B4AA8D /* KnockingUITests.xctest */,
				B546354D2A19A25200F0F140 /* DreamCatcherExtension.appex */,
			);
			name = Products;
			sourceTree = "<group>";
		};
		B5EFC7F92A1778E700B4AA8D /* Knocking */ = {
			isa = PBXGroup;
			children = (
				B5EFC82E2A17794F00B4AA8D /* Resources */,
				B5EFC82D2A17794800B4AA8D /* Sources */,
				B5EFC7FA2A1778E700B4AA8D /* AppDelegate.swift */,
				B5EFC7FC2A1778E700B4AA8D /* SceneDelegate.swift */,
				B5EFC8062A1778E800B4AA8D /* Assets.xcassets */,
				B5EFC80B2A1778E800B4AA8D /* Info.plist */,
				B5EFC8032A1778E700B4AA8D /* Knocking.xcdatamodeld */,
			);
			path = Knocking;
			sourceTree = "<group>";
		};
		B5EFC8132A1778E800B4AA8D /* KnockingTests */ = {
			isa = PBXGroup;
			children = (
				B5EFC8142A1778E800B4AA8D /* KnockingTests.swift */,
			);
			path = KnockingTests;
			sourceTree = "<group>";
		};
		B5EFC81D2A1778E800B4AA8D /* KnockingUITests */ = {
			isa = PBXGroup;
			children = (
				B5EFC81E2A1778E800B4AA8D /* KnockingUITests.swift */,
				B5EFC8202A1778E800B4AA8D /* KnockingUITestsLaunchTests.swift */,
			);
			path = KnockingUITests;
			sourceTree = "<group>";
		};
		B5EFC82D2A17794800B4AA8D /* Sources */ = {
			isa = PBXGroup;
			children = (
				B545F1152A5E7B170002DA8F /* Components */,
				B545F1102A5BF47E0002DA8F /* Model */,
				B545F1092A5BDB6F0002DA8F /* Manager */,
				B5EFC8422A17CA3B00B4AA8D /* Calendar */,
				B5EFC83B2A177AB600B4AA8D /* Home */,
				B5EFC8402A17C2F500B4AA8D /* BaseViewController.swift */,
			);
			path = Sources;
			sourceTree = "<group>";
		};
		B5EFC82E2A17794F00B4AA8D /* Resources */ = {
			isa = PBXGroup;
			children = (
				B5EFC8082A1778E800B4AA8D /* LaunchScreen.storyboard */,
				B545F1012A5696B00002DA8F /* Main.storyboard */,
			);
			path = Resources;
			sourceTree = "<group>";
		};
		B5EFC83B2A177AB600B4AA8D /* Home */ = {
			isa = PBXGroup;
			children = (
				B545F1062A57E0C70002DA8F /* Cells */,
				B5EFC83C2A177AC300B4AA8D /* HomeViewController.swift */,
				B5EFC83E2A17C2B800B4AA8D /* HomeViewModel.swift */,
			);
			path = Home;
			sourceTree = "<group>";
		};
		B5EFC8422A17CA3B00B4AA8D /* Calendar */ = {
			isa = PBXGroup;
			children = (
				B5EFC8432A17CA4800B4AA8D /* CalendarViewController.swift */,
			);
			path = Calendar;
			sourceTree = "<group>";
		};
/* End PBXGroup section */

/* Begin PBXNativeTarget section */
		B546354C2A19A25200F0F140 /* DreamCatcherExtension */ = {
			isa = PBXNativeTarget;
			buildConfigurationList = B54635632A19A25300F0F140 /* Build configuration list for PBXNativeTarget "DreamCatcherExtension" */;
			buildPhases = (
				B54635492A19A25200F0F140 /* Sources */,
				B546354A2A19A25200F0F140 /* Frameworks */,
				B546354B2A19A25200F0F140 /* Resources */,
			);
			buildRules = (
			);
			dependencies = (
			);
			name = DreamCatcherExtension;
			productName = DreamCatcherExtension;
			productReference = B546354D2A19A25200F0F140 /* DreamCatcherExtension.appex */;
			productType = "com.apple.product-type.app-extension";
		};
		B5EFC7F62A1778E700B4AA8D /* Knocking */ = {
			isa = PBXNativeTarget;
			buildConfigurationList = B5EFC8242A1778E800B4AA8D /* Build configuration list for PBXNativeTarget "Knocking" */;
			buildPhases = (
				B5EFC7F32A1778E700B4AA8D /* Sources */,
				B5EFC7F42A1778E700B4AA8D /* Frameworks */,
				B5EFC7F52A1778E700B4AA8D /* Resources */,
				B54635602A19A25300F0F140 /* Embed Foundation Extensions */,
			);
			buildRules = (
			);
			dependencies = (
				B546355E2A19A25300F0F140 /* PBXTargetDependency */,
			);
			name = Knocking;
			packageProductDependencies = (
				B5EFC8302A177A6C00B4AA8D /* RxBlocking */,
				B5EFC8322A177A6C00B4AA8D /* RxCocoa */,
				B5EFC8342A177A6C00B4AA8D /* RxRelay */,
				B5EFC8362A177A6C00B4AA8D /* RxSwift */,
				B5EFC8392A177AA100B4AA8D /* SnapKit */,
				B545F1042A56971A0002DA8F /* Then */,
				B545F10E2A5BF3F90002DA8F /* FSCalendar */,
			);
			productName = Knocking;
			productReference = B5EFC7F72A1778E700B4AA8D /* Knocking.app */;
			productType = "com.apple.product-type.application";
		};
		B5EFC80F2A1778E800B4AA8D /* KnockingTests */ = {
			isa = PBXNativeTarget;
			buildConfigurationList = B5EFC8272A1778E800B4AA8D /* Build configuration list for PBXNativeTarget "KnockingTests" */;
			buildPhases = (
				B5EFC80C2A1778E800B4AA8D /* Sources */,
				B5EFC80D2A1778E800B4AA8D /* Frameworks */,
				B5EFC80E2A1778E800B4AA8D /* Resources */,
			);
			buildRules = (
			);
			dependencies = (
				B5EFC8122A1778E800B4AA8D /* PBXTargetDependency */,
			);
			name = KnockingTests;
			productName = KnockingTests;
			productReference = B5EFC8102A1778E800B4AA8D /* KnockingTests.xctest */;
			productType = "com.apple.product-type.bundle.unit-test";
		};
		B5EFC8192A1778E800B4AA8D /* KnockingUITests */ = {
			isa = PBXNativeTarget;
			buildConfigurationList = B5EFC82A2A1778E800B4AA8D /* Build configuration list for PBXNativeTarget "KnockingUITests" */;
			buildPhases = (
				B5EFC8162A1778E800B4AA8D /* Sources */,
				B5EFC8172A1778E800B4AA8D /* Frameworks */,
				B5EFC8182A1778E800B4AA8D /* Resources */,
			);
			buildRules = (
			);
			dependencies = (
				B5EFC81C2A1778E800B4AA8D /* PBXTargetDependency */,
			);
			name = KnockingUITests;
			productName = KnockingUITests;
			productReference = B5EFC81A2A1778E800B4AA8D /* KnockingUITests.xctest */;
			productType = "com.apple.product-type.bundle.ui-testing";
		};
/* End PBXNativeTarget section */

/* Begin PBXProject section */
		B5EFC7EF2A1778E700B4AA8D /* Project object */ = {
			isa = PBXProject;
			attributes = {
				BuildIndependentTargetsInParallel = 1;
				LastSwiftUpdateCheck = 1430;
				LastUpgradeCheck = 1430;
				TargetAttributes = {
					B546354C2A19A25200F0F140 = {
						CreatedOnToolsVersion = 14.3;
					};
					B5EFC7F62A1778E700B4AA8D = {
						CreatedOnToolsVersion = 14.3;
					};
					B5EFC80F2A1778E800B4AA8D = {
						CreatedOnToolsVersion = 14.3;
						TestTargetID = B5EFC7F62A1778E700B4AA8D;
					};
					B5EFC8192A1778E800B4AA8D = {
						CreatedOnToolsVersion = 14.3;
						TestTargetID = B5EFC7F62A1778E700B4AA8D;
					};
				};
			};
			buildConfigurationList = B5EFC7F22A1778E700B4AA8D /* Build configuration list for PBXProject "Knocking" */;
			compatibilityVersion = "Xcode 14.0";
			developmentRegion = en;
			hasScannedForEncodings = 0;
			knownRegions = (
				en,
				Base,
			);
			mainGroup = B5EFC7EE2A1778E700B4AA8D;
			packageReferences = (
				B5EFC82F2A177A6C00B4AA8D /* XCRemoteSwiftPackageReference "RxSwift" */,
				B5EFC8382A177AA100B4AA8D /* XCRemoteSwiftPackageReference "SnapKit" */,
				B545F1032A56971A0002DA8F /* XCRemoteSwiftPackageReference "Then" */,
				B545F10D2A5BF3F90002DA8F /* XCRemoteSwiftPackageReference "FSCalendar" */,
			);
			productRefGroup = B5EFC7F82A1778E700B4AA8D /* Products */;
			projectDirPath = "";
			projectRoot = "";
			targets = (
				B5EFC7F62A1778E700B4AA8D /* Knocking */,
				B5EFC80F2A1778E800B4AA8D /* KnockingTests */,
				B5EFC8192A1778E800B4AA8D /* KnockingUITests */,
				B546354C2A19A25200F0F140 /* DreamCatcherExtension */,
			);
		};
/* End PBXProject section */

/* Begin PBXResourcesBuildPhase section */
		B546354B2A19A25200F0F140 /* Resources */ = {
			isa = PBXResourcesBuildPhase;
			buildActionMask = 2147483647;
			files = (
				B546355B2A19A25300F0F140 /* Assets.xcassets in Resources */,
			);
			runOnlyForDeploymentPostprocessing = 0;
		};
		B5EFC7F52A1778E700B4AA8D /* Resources */ = {
			isa = PBXResourcesBuildPhase;
			buildActionMask = 2147483647;
			files = (
				B545F1022A5696B00002DA8F /* Main.storyboard in Resources */,
				B5EFC80A2A1778E800B4AA8D /* LaunchScreen.storyboard in Resources */,
				B5EFC8072A1778E800B4AA8D /* Assets.xcassets in Resources */,
			);
			runOnlyForDeploymentPostprocessing = 0;
		};
		B5EFC80E2A1778E800B4AA8D /* Resources */ = {
			isa = PBXResourcesBuildPhase;
			buildActionMask = 2147483647;
			files = (
			);
			runOnlyForDeploymentPostprocessing = 0;
		};
		B5EFC8182A1778E800B4AA8D /* Resources */ = {
			isa = PBXResourcesBuildPhase;
			buildActionMask = 2147483647;
			files = (
			);
			runOnlyForDeploymentPostprocessing = 0;
		};
/* End PBXResourcesBuildPhase section */

/* Begin PBXSourcesBuildPhase section */
		B54635492A19A25200F0F140 /* Sources */ = {
			isa = PBXSourcesBuildPhase;
			buildActionMask = 2147483647;
			files = (
				B54635592A19A25200F0F140 /* DreamCatcher.swift in Sources */,
				B54635552A19A25200F0F140 /* DreamCatcherBundle.swift in Sources */,
				B54635572A19A25200F0F140 /* DreamCatcherLiveActivity.swift in Sources */,
			);
			runOnlyForDeploymentPostprocessing = 0;
		};
		B5EFC7F32A1778E700B4AA8D /* Sources */ = {
			isa = PBXSourcesBuildPhase;
			buildActionMask = 2147483647;
			files = (
				B5EFC83D2A177AC300B4AA8D /* HomeViewController.swift in Sources */,
				B5EFC8052A1778E700B4AA8D /* Knocking.xcdatamodeld in Sources */,
				B545F1172A5E7B2F0002DA8F /* CalendarView.swift in Sources */,
				B545F1082A57E0D20002DA8F /* HomeCell.swift in Sources */,
				B5EFC7FB2A1778E700B4AA8D /* AppDelegate.swift in Sources */,
				B5EFC83F2A17C2B800B4AA8D /* HomeViewModel.swift in Sources */,
				B5EFC7FD2A1778E700B4AA8D /* SceneDelegate.swift in Sources */,
				B545F1142A5BF4DA0002DA8F /* Goal.swift in Sources */,
				B545F10C2A5BDB8A0002DA8F /* CoreDataManager.swift in Sources */,
				B5EFC8442A17CA4800B4AA8D /* CalendarViewController.swift in Sources */,
				B545F1122A5BF4880002DA8F /* User.swift in Sources */,
				B5EFC8412A17C2F500B4AA8D /* BaseViewController.swift in Sources */,
			);
			runOnlyForDeploymentPostprocessing = 0;
		};
		B5EFC80C2A1778E800B4AA8D /* Sources */ = {
			isa = PBXSourcesBuildPhase;
			buildActionMask = 2147483647;
			files = (
				B5EFC8152A1778E800B4AA8D /* KnockingTests.swift in Sources */,
			);
			runOnlyForDeploymentPostprocessing = 0;
		};
		B5EFC8162A1778E800B4AA8D /* Sources */ = {
			isa = PBXSourcesBuildPhase;
			buildActionMask = 2147483647;
			files = (
				B5EFC8212A1778E800B4AA8D /* KnockingUITestsLaunchTests.swift in Sources */,
				B5EFC81F2A1778E800B4AA8D /* KnockingUITests.swift in Sources */,
			);
			runOnlyForDeploymentPostprocessing = 0;
		};
/* End PBXSourcesBuildPhase section */

/* Begin PBXTargetDependency section */
		B546355E2A19A25300F0F140 /* PBXTargetDependency */ = {
			isa = PBXTargetDependency;
			target = B546354C2A19A25200F0F140 /* DreamCatcherExtension */;
			targetProxy = B546355D2A19A25300F0F140 /* PBXContainerItemProxy */;
		};
		B5EFC8122A1778E800B4AA8D /* PBXTargetDependency */ = {
			isa = PBXTargetDependency;
			target = B5EFC7F62A1778E700B4AA8D /* Knocking */;
			targetProxy = B5EFC8112A1778E800B4AA8D /* PBXContainerItemProxy */;
		};
		B5EFC81C2A1778E800B4AA8D /* PBXTargetDependency */ = {
			isa = PBXTargetDependency;
			target = B5EFC7F62A1778E700B4AA8D /* Knocking */;
			targetProxy = B5EFC81B2A1778E800B4AA8D /* PBXContainerItemProxy */;
		};
/* End PBXTargetDependency section */

/* Begin PBXVariantGroup section */
		B5EFC8082A1778E800B4AA8D /* LaunchScreen.storyboard */ = {
			isa = PBXVariantGroup;
			children = (
				B5EFC8092A1778E800B4AA8D /* Base */,
			);
			name = LaunchScreen.storyboard;
			sourceTree = "<group>";
		};
/* End PBXVariantGroup section */

/* Begin XCBuildConfiguration section */
		B54635612A19A25300F0F140 /* Debug */ = {
			isa = XCBuildConfiguration;
			buildSettings = {
				ASSETCATALOG_COMPILER_GLOBAL_ACCENT_COLOR_NAME = AccentColor;
				ASSETCATALOG_COMPILER_WIDGET_BACKGROUND_COLOR_NAME = WidgetBackground;
				CODE_SIGN_STYLE = Automatic;
				CURRENT_PROJECT_VERSION = 1;
				DEVELOPMENT_TEAM = AU24ZRJ649;
				GENERATE_INFOPLIST_FILE = YES;
				INFOPLIST_FILE = DreamCatcher/Info.plist;
				INFOPLIST_KEY_CFBundleDisplayName = DreamCatcher;
				INFOPLIST_KEY_NSHumanReadableCopyright = "";
				IPHONEOS_DEPLOYMENT_TARGET = 16.4;
				LD_RUNPATH_SEARCH_PATHS = (
					"$(inherited)",
					"@executable_path/Frameworks",
					"@executable_path/../../Frameworks",
				);
				MARKETING_VERSION = 1.0;
				PRODUCT_BUNDLE_IDENTIFIER = Minjae.Knocking.DreamCatcher;
				PRODUCT_NAME = "$(TARGET_NAME)";
				SKIP_INSTALL = YES;
				SWIFT_EMIT_LOC_STRINGS = YES;
				SWIFT_VERSION = 5.0;
				TARGETED_DEVICE_FAMILY = "1,2";
			};
			name = Debug;
		};
		B54635622A19A25300F0F140 /* Release */ = {
			isa = XCBuildConfiguration;
			buildSettings = {
				ASSETCATALOG_COMPILER_GLOBAL_ACCENT_COLOR_NAME = AccentColor;
				ASSETCATALOG_COMPILER_WIDGET_BACKGROUND_COLOR_NAME = WidgetBackground;
				CODE_SIGN_STYLE = Automatic;
				CURRENT_PROJECT_VERSION = 1;
				DEVELOPMENT_TEAM = AU24ZRJ649;
				GENERATE_INFOPLIST_FILE = YES;
				INFOPLIST_FILE = DreamCatcher/Info.plist;
				INFOPLIST_KEY_CFBundleDisplayName = DreamCatcher;
				INFOPLIST_KEY_NSHumanReadableCopyright = "";
				IPHONEOS_DEPLOYMENT_TARGET = 16.4;
				LD_RUNPATH_SEARCH_PATHS = (
					"$(inherited)",
					"@executable_path/Frameworks",
					"@executable_path/../../Frameworks",
				);
				MARKETING_VERSION = 1.0;
				PRODUCT_BUNDLE_IDENTIFIER = Minjae.Knocking.DreamCatcher;
				PRODUCT_NAME = "$(TARGET_NAME)";
				SKIP_INSTALL = YES;
				SWIFT_EMIT_LOC_STRINGS = YES;
				SWIFT_VERSION = 5.0;
				TARGETED_DEVICE_FAMILY = "1,2";
			};
			name = Release;
		};
		B5EFC8222A1778E800B4AA8D /* Debug */ = {
			isa = XCBuildConfiguration;
			buildSettings = {
				ALWAYS_SEARCH_USER_PATHS = NO;
				CLANG_ANALYZER_NONNULL = YES;
				CLANG_ANALYZER_NUMBER_OBJECT_CONVERSION = YES_AGGRESSIVE;
				CLANG_CXX_LANGUAGE_STANDARD = "gnu++20";
				CLANG_ENABLE_MODULES = YES;
				CLANG_ENABLE_OBJC_ARC = YES;
				CLANG_ENABLE_OBJC_WEAK = YES;
				CLANG_WARN_BLOCK_CAPTURE_AUTORELEASING = YES;
				CLANG_WARN_BOOL_CONVERSION = YES;
				CLANG_WARN_COMMA = YES;
				CLANG_WARN_CONSTANT_CONVERSION = YES;
				CLANG_WARN_DEPRECATED_OBJC_IMPLEMENTATIONS = YES;
				CLANG_WARN_DIRECT_OBJC_ISA_USAGE = YES_ERROR;
				CLANG_WARN_DOCUMENTATION_COMMENTS = YES;
				CLANG_WARN_EMPTY_BODY = YES;
				CLANG_WARN_ENUM_CONVERSION = YES;
				CLANG_WARN_INFINITE_RECURSION = YES;
				CLANG_WARN_INT_CONVERSION = YES;
				CLANG_WARN_NON_LITERAL_NULL_CONVERSION = YES;
				CLANG_WARN_OBJC_IMPLICIT_RETAIN_SELF = YES;
				CLANG_WARN_OBJC_LITERAL_CONVERSION = YES;
				CLANG_WARN_OBJC_ROOT_CLASS = YES_ERROR;
				CLANG_WARN_QUOTED_INCLUDE_IN_FRAMEWORK_HEADER = YES;
				CLANG_WARN_RANGE_LOOP_ANALYSIS = YES;
				CLANG_WARN_STRICT_PROTOTYPES = YES;
				CLANG_WARN_SUSPICIOUS_MOVE = YES;
				CLANG_WARN_UNGUARDED_AVAILABILITY = YES_AGGRESSIVE;
				CLANG_WARN_UNREACHABLE_CODE = YES;
				CLANG_WARN__DUPLICATE_METHOD_MATCH = YES;
				COPY_PHASE_STRIP = NO;
				DEBUG_INFORMATION_FORMAT = dwarf;
				ENABLE_STRICT_OBJC_MSGSEND = YES;
				ENABLE_TESTABILITY = YES;
				GCC_C_LANGUAGE_STANDARD = gnu11;
				GCC_DYNAMIC_NO_PIC = NO;
				GCC_NO_COMMON_BLOCKS = YES;
				GCC_OPTIMIZATION_LEVEL = 0;
				GCC_PREPROCESSOR_DEFINITIONS = (
					"DEBUG=1",
					"$(inherited)",
				);
				GCC_WARN_64_TO_32_BIT_CONVERSION = YES;
				GCC_WARN_ABOUT_RETURN_TYPE = YES_ERROR;
				GCC_WARN_UNDECLARED_SELECTOR = YES;
				GCC_WARN_UNINITIALIZED_AUTOS = YES_AGGRESSIVE;
				GCC_WARN_UNUSED_FUNCTION = YES;
				GCC_WARN_UNUSED_VARIABLE = YES;
				IPHONEOS_DEPLOYMENT_TARGET = 16.0;
				MTL_ENABLE_DEBUG_INFO = INCLUDE_SOURCE;
				MTL_FAST_MATH = YES;
				ONLY_ACTIVE_ARCH = YES;
				SDKROOT = iphoneos;
				SWIFT_ACTIVE_COMPILATION_CONDITIONS = DEBUG;
				SWIFT_OPTIMIZATION_LEVEL = "-Onone";
			};
			name = Debug;
		};
		B5EFC8232A1778E800B4AA8D /* Release */ = {
			isa = XCBuildConfiguration;
			buildSettings = {
				ALWAYS_SEARCH_USER_PATHS = NO;
				CLANG_ANALYZER_NONNULL = YES;
				CLANG_ANALYZER_NUMBER_OBJECT_CONVERSION = YES_AGGRESSIVE;
				CLANG_CXX_LANGUAGE_STANDARD = "gnu++20";
				CLANG_ENABLE_MODULES = YES;
				CLANG_ENABLE_OBJC_ARC = YES;
				CLANG_ENABLE_OBJC_WEAK = YES;
				CLANG_WARN_BLOCK_CAPTURE_AUTORELEASING = YES;
				CLANG_WARN_BOOL_CONVERSION = YES;
				CLANG_WARN_COMMA = YES;
				CLANG_WARN_CONSTANT_CONVERSION = YES;
				CLANG_WARN_DEPRECATED_OBJC_IMPLEMENTATIONS = YES;
				CLANG_WARN_DIRECT_OBJC_ISA_USAGE = YES_ERROR;
				CLANG_WARN_DOCUMENTATION_COMMENTS = YES;
				CLANG_WARN_EMPTY_BODY = YES;
				CLANG_WARN_ENUM_CONVERSION = YES;
				CLANG_WARN_INFINITE_RECURSION = YES;
				CLANG_WARN_INT_CONVERSION = YES;
				CLANG_WARN_NON_LITERAL_NULL_CONVERSION = YES;
				CLANG_WARN_OBJC_IMPLICIT_RETAIN_SELF = YES;
				CLANG_WARN_OBJC_LITERAL_CONVERSION = YES;
				CLANG_WARN_OBJC_ROOT_CLASS = YES_ERROR;
				CLANG_WARN_QUOTED_INCLUDE_IN_FRAMEWORK_HEADER = YES;
				CLANG_WARN_RANGE_LOOP_ANALYSIS = YES;
				CLANG_WARN_STRICT_PROTOTYPES = YES;
				CLANG_WARN_SUSPICIOUS_MOVE = YES;
				CLANG_WARN_UNGUARDED_AVAILABILITY = YES_AGGRESSIVE;
				CLANG_WARN_UNREACHABLE_CODE = YES;
				CLANG_WARN__DUPLICATE_METHOD_MATCH = YES;
				COPY_PHASE_STRIP = NO;
				DEBUG_INFORMATION_FORMAT = "dwarf-with-dsym";
				ENABLE_NS_ASSERTIONS = NO;
				ENABLE_STRICT_OBJC_MSGSEND = YES;
				GCC_C_LANGUAGE_STANDARD = gnu11;
				GCC_NO_COMMON_BLOCKS = YES;
				GCC_WARN_64_TO_32_BIT_CONVERSION = YES;
				GCC_WARN_ABOUT_RETURN_TYPE = YES_ERROR;
				GCC_WARN_UNDECLARED_SELECTOR = YES;
				GCC_WARN_UNINITIALIZED_AUTOS = YES_AGGRESSIVE;
				GCC_WARN_UNUSED_FUNCTION = YES;
				GCC_WARN_UNUSED_VARIABLE = YES;
				IPHONEOS_DEPLOYMENT_TARGET = 16.0;
				MTL_ENABLE_DEBUG_INFO = NO;
				MTL_FAST_MATH = YES;
				SDKROOT = iphoneos;
				SWIFT_COMPILATION_MODE = wholemodule;
				SWIFT_OPTIMIZATION_LEVEL = "-O";
				VALIDATE_PRODUCT = YES;
			};
			name = Release;
		};
		B5EFC8252A1778E800B4AA8D /* Debug */ = {
			isa = XCBuildConfiguration;
			buildSettings = {
				ALWAYS_EMBED_SWIFT_STANDARD_LIBRARIES = YES;
				ASSETCATALOG_COMPILER_APPICON_NAME = AppIcon;
				ASSETCATALOG_COMPILER_GLOBAL_ACCENT_COLOR_NAME = AccentColor;
				CODE_SIGN_STYLE = Automatic;
				CURRENT_PROJECT_VERSION = 1;
				DEVELOPMENT_TEAM = AU24ZRJ649;
				GENERATE_INFOPLIST_FILE = YES;
				INFOPLIST_FILE = Knocking/Info.plist;
				INFOPLIST_KEY_UIApplicationSupportsIndirectInputEvents = YES;
				INFOPLIST_KEY_UILaunchStoryboardName = LaunchScreen;
				INFOPLIST_KEY_UIMainStoryboardFile = Main;
				INFOPLIST_KEY_UISupportedInterfaceOrientations_iPad = "UIInterfaceOrientationPortrait UIInterfaceOrientationPortraitUpsideDown UIInterfaceOrientationLandscapeLeft UIInterfaceOrientationLandscapeRight";
				INFOPLIST_KEY_UISupportedInterfaceOrientations_iPhone = "UIInterfaceOrientationPortrait UIInterfaceOrientationLandscapeLeft UIInterfaceOrientationLandscapeRight";
				IPHONEOS_DEPLOYMENT_TARGET = 16.0;
				LD_RUNPATH_SEARCH_PATHS = (
					"$(inherited)",
					"@executable_path/Frameworks",
				);
				MARKETING_VERSION = 1.0;
				PRODUCT_BUNDLE_IDENTIFIER = Minjae.Knocking;
				PRODUCT_NAME = "$(TARGET_NAME)";
				SWIFT_EMIT_LOC_STRINGS = YES;
				SWIFT_VERSION = 5.0;
				TARGETED_DEVICE_FAMILY = "1,2";
			};
			name = Debug;
		};
		B5EFC8262A1778E800B4AA8D /* Release */ = {
			isa = XCBuildConfiguration;
			buildSettings = {
				ALWAYS_EMBED_SWIFT_STANDARD_LIBRARIES = YES;
				ASSETCATALOG_COMPILER_APPICON_NAME = AppIcon;
				ASSETCATALOG_COMPILER_GLOBAL_ACCENT_COLOR_NAME = AccentColor;
				CODE_SIGN_STYLE = Automatic;
				CURRENT_PROJECT_VERSION = 1;
				DEVELOPMENT_TEAM = AU24ZRJ649;
				GENERATE_INFOPLIST_FILE = YES;
				INFOPLIST_FILE = Knocking/Info.plist;
				INFOPLIST_KEY_UIApplicationSupportsIndirectInputEvents = YES;
				INFOPLIST_KEY_UILaunchStoryboardName = LaunchScreen;
				INFOPLIST_KEY_UIMainStoryboardFile = Main;
				INFOPLIST_KEY_UISupportedInterfaceOrientations_iPad = "UIInterfaceOrientationPortrait UIInterfaceOrientationPortraitUpsideDown UIInterfaceOrientationLandscapeLeft UIInterfaceOrientationLandscapeRight";
				INFOPLIST_KEY_UISupportedInterfaceOrientations_iPhone = "UIInterfaceOrientationPortrait UIInterfaceOrientationLandscapeLeft UIInterfaceOrientationLandscapeRight";
				IPHONEOS_DEPLOYMENT_TARGET = 16.0;
				LD_RUNPATH_SEARCH_PATHS = (
					"$(inherited)",
					"@executable_path/Frameworks",
				);
				MARKETING_VERSION = 1.0;
				PRODUCT_BUNDLE_IDENTIFIER = Minjae.Knocking;
				PRODUCT_NAME = "$(TARGET_NAME)";
				SWIFT_EMIT_LOC_STRINGS = YES;
				SWIFT_VERSION = 5.0;
				TARGETED_DEVICE_FAMILY = "1,2";
			};
			name = Release;
		};
		B5EFC8282A1778E800B4AA8D /* Debug */ = {
			isa = XCBuildConfiguration;
			buildSettings = {
				ALWAYS_EMBED_SWIFT_STANDARD_LIBRARIES = YES;
				BUNDLE_LOADER = "$(TEST_HOST)";
				CODE_SIGN_STYLE = Automatic;
				CURRENT_PROJECT_VERSION = 1;
				DEVELOPMENT_TEAM = AU24ZRJ649;
				GENERATE_INFOPLIST_FILE = YES;
				IPHONEOS_DEPLOYMENT_TARGET = 16.4;
				MARKETING_VERSION = 1.0;
				PRODUCT_BUNDLE_IDENTIFIER = Minjae.KnockingTests;
				PRODUCT_NAME = "$(TARGET_NAME)";
				SWIFT_EMIT_LOC_STRINGS = NO;
				SWIFT_VERSION = 5.0;
				TARGETED_DEVICE_FAMILY = "1,2";
				TEST_HOST = "$(BUILT_PRODUCTS_DIR)/Knocking.app/$(BUNDLE_EXECUTABLE_FOLDER_PATH)/Knocking";
			};
			name = Debug;
		};
		B5EFC8292A1778E800B4AA8D /* Release */ = {
			isa = XCBuildConfiguration;
			buildSettings = {
				ALWAYS_EMBED_SWIFT_STANDARD_LIBRARIES = YES;
				BUNDLE_LOADER = "$(TEST_HOST)";
				CODE_SIGN_STYLE = Automatic;
				CURRENT_PROJECT_VERSION = 1;
				DEVELOPMENT_TEAM = AU24ZRJ649;
				GENERATE_INFOPLIST_FILE = YES;
				IPHONEOS_DEPLOYMENT_TARGET = 16.4;
				MARKETING_VERSION = 1.0;
				PRODUCT_BUNDLE_IDENTIFIER = Minjae.KnockingTests;
				PRODUCT_NAME = "$(TARGET_NAME)";
				SWIFT_EMIT_LOC_STRINGS = NO;
				SWIFT_VERSION = 5.0;
				TARGETED_DEVICE_FAMILY = "1,2";
				TEST_HOST = "$(BUILT_PRODUCTS_DIR)/Knocking.app/$(BUNDLE_EXECUTABLE_FOLDER_PATH)/Knocking";
			};
			name = Release;
		};
		B5EFC82B2A1778E800B4AA8D /* Debug */ = {
			isa = XCBuildConfiguration;
			buildSettings = {
				ALWAYS_EMBED_SWIFT_STANDARD_LIBRARIES = YES;
				CODE_SIGN_STYLE = Automatic;
				CURRENT_PROJECT_VERSION = 1;
				DEVELOPMENT_TEAM = AU24ZRJ649;
				GENERATE_INFOPLIST_FILE = YES;
				MARKETING_VERSION = 1.0;
				PRODUCT_BUNDLE_IDENTIFIER = Minjae.KnockingUITests;
				PRODUCT_NAME = "$(TARGET_NAME)";
				SWIFT_EMIT_LOC_STRINGS = NO;
				SWIFT_VERSION = 5.0;
				TARGETED_DEVICE_FAMILY = "1,2";
				TEST_TARGET_NAME = Knocking;
			};
			name = Debug;
		};
		B5EFC82C2A1778E800B4AA8D /* Release */ = {
			isa = XCBuildConfiguration;
			buildSettings = {
				ALWAYS_EMBED_SWIFT_STANDARD_LIBRARIES = YES;
				CODE_SIGN_STYLE = Automatic;
				CURRENT_PROJECT_VERSION = 1;
				DEVELOPMENT_TEAM = AU24ZRJ649;
				GENERATE_INFOPLIST_FILE = YES;
				MARKETING_VERSION = 1.0;
				PRODUCT_BUNDLE_IDENTIFIER = Minjae.KnockingUITests;
				PRODUCT_NAME = "$(TARGET_NAME)";
				SWIFT_EMIT_LOC_STRINGS = NO;
				SWIFT_VERSION = 5.0;
				TARGETED_DEVICE_FAMILY = "1,2";
				TEST_TARGET_NAME = Knocking;
			};
			name = Release;
		};
/* End XCBuildConfiguration section */

/* Begin XCConfigurationList section */
		B54635632A19A25300F0F140 /* Build configuration list for PBXNativeTarget "DreamCatcherExtension" */ = {
			isa = XCConfigurationList;
			buildConfigurations = (
				B54635612A19A25300F0F140 /* Debug */,
				B54635622A19A25300F0F140 /* Release */,
			);
			defaultConfigurationIsVisible = 0;
			defaultConfigurationName = Release;
		};
		B5EFC7F22A1778E700B4AA8D /* Build configuration list for PBXProject "Knocking" */ = {
			isa = XCConfigurationList;
			buildConfigurations = (
				B5EFC8222A1778E800B4AA8D /* Debug */,
				B5EFC8232A1778E800B4AA8D /* Release */,
			);
			defaultConfigurationIsVisible = 0;
			defaultConfigurationName = Release;
		};
		B5EFC8242A1778E800B4AA8D /* Build configuration list for PBXNativeTarget "Knocking" */ = {
			isa = XCConfigurationList;
			buildConfigurations = (
				B5EFC8252A1778E800B4AA8D /* Debug */,
				B5EFC8262A1778E800B4AA8D /* Release */,
			);
			defaultConfigurationIsVisible = 0;
			defaultConfigurationName = Release;
		};
		B5EFC8272A1778E800B4AA8D /* Build configuration list for PBXNativeTarget "KnockingTests" */ = {
			isa = XCConfigurationList;
			buildConfigurations = (
				B5EFC8282A1778E800B4AA8D /* Debug */,
				B5EFC8292A1778E800B4AA8D /* Release */,
			);
			defaultConfigurationIsVisible = 0;
			defaultConfigurationName = Release;
		};
		B5EFC82A2A1778E800B4AA8D /* Build configuration list for PBXNativeTarget "KnockingUITests" */ = {
			isa = XCConfigurationList;
			buildConfigurations = (
				B5EFC82B2A1778E800B4AA8D /* Debug */,
				B5EFC82C2A1778E800B4AA8D /* Release */,
			);
			defaultConfigurationIsVisible = 0;
			defaultConfigurationName = Release;
		};
/* End XCConfigurationList section */

/* Begin XCRemoteSwiftPackageReference section */
		B545F1032A56971A0002DA8F /* XCRemoteSwiftPackageReference "Then" */ = {
			isa = XCRemoteSwiftPackageReference;
			repositoryURL = "https://github.com/devxoul/Then";
			requirement = {
				kind = upToNextMajorVersion;
				minimumVersion = 3.0.0;
			};
		};
		B545F10D2A5BF3F90002DA8F /* XCRemoteSwiftPackageReference "FSCalendar" */ = {
			isa = XCRemoteSwiftPackageReference;
			repositoryURL = "https://github.com/WenchaoD/FSCalendar";
			requirement = {
				kind = upToNextMajorVersion;
				minimumVersion = 2.0.0;
			};
		};
		B5EFC82F2A177A6C00B4AA8D /* XCRemoteSwiftPackageReference "RxSwift" */ = {
			isa = XCRemoteSwiftPackageReference;
			repositoryURL = "https://github.com/ReactiveX/RxSwift.git";
			requirement = {
				kind = upToNextMajorVersion;
				minimumVersion = 6.0.0;
			};
		};
		B5EFC8382A177AA100B4AA8D /* XCRemoteSwiftPackageReference "SnapKit" */ = {
			isa = XCRemoteSwiftPackageReference;
			repositoryURL = "https://github.com/SnapKit/SnapKit";
			requirement = {
				kind = upToNextMajorVersion;
				minimumVersion = 5.0.0;
			};
		};
/* End XCRemoteSwiftPackageReference section */

/* Begin XCSwiftPackageProductDependency section */
		B545F1042A56971A0002DA8F /* Then */ = {
			isa = XCSwiftPackageProductDependency;
			package = B545F1032A56971A0002DA8F /* XCRemoteSwiftPackageReference "Then" */;
			productName = Then;
		};
		B545F10E2A5BF3F90002DA8F /* FSCalendar */ = {
			isa = XCSwiftPackageProductDependency;
			package = B545F10D2A5BF3F90002DA8F /* XCRemoteSwiftPackageReference "FSCalendar" */;
			productName = FSCalendar;
		};
		B5EFC8302A177A6C00B4AA8D /* RxBlocking */ = {
			isa = XCSwiftPackageProductDependency;
			package = B5EFC82F2A177A6C00B4AA8D /* XCRemoteSwiftPackageReference "RxSwift" */;
			productName = RxBlocking;
		};
		B5EFC8322A177A6C00B4AA8D /* RxCocoa */ = {
			isa = XCSwiftPackageProductDependency;
			package = B5EFC82F2A177A6C00B4AA8D /* XCRemoteSwiftPackageReference "RxSwift" */;
			productName = RxCocoa;
		};
		B5EFC8342A177A6C00B4AA8D /* RxRelay */ = {
			isa = XCSwiftPackageProductDependency;
			package = B5EFC82F2A177A6C00B4AA8D /* XCRemoteSwiftPackageReference "RxSwift" */;
			productName = RxRelay;
		};
		B5EFC8362A177A6C00B4AA8D /* RxSwift */ = {
			isa = XCSwiftPackageProductDependency;
			package = B5EFC82F2A177A6C00B4AA8D /* XCRemoteSwiftPackageReference "RxSwift" */;
			productName = RxSwift;
		};
		B5EFC8392A177AA100B4AA8D /* SnapKit */ = {
			isa = XCSwiftPackageProductDependency;
			package = B5EFC8382A177AA100B4AA8D /* XCRemoteSwiftPackageReference "SnapKit" */;
			productName = SnapKit;
		};
/* End XCSwiftPackageProductDependency section */

/* Begin XCVersionGroup section */
		B5EFC8032A1778E700B4AA8D /* Knocking.xcdatamodeld */ = {
			isa = XCVersionGroup;
			children = (
				B5EFC8042A1778E700B4AA8D /* Knocking.xcdatamodel */,
			);
			currentVersion = B5EFC8042A1778E700B4AA8D /* Knocking.xcdatamodel */;
			path = Knocking.xcdatamodeld;
			sourceTree = "<group>";
			versionGroupType = wrapper.xcdatamodel;
		};
/* End XCVersionGroup section */
	};
	rootObject = B5EFC7EF2A1778E700B4AA8D /* Project object */;
}
